// !$*UTF8*$!
{
	archiveVersion = 1;
	classes = {
	};
	objectVersion = 50;
	objects = {

/* Begin PBXBuildFile section */
		1451A4A421DF14FB00012930 /* AppDelegate.m in Sources */ = {isa = PBXBuildFile; fileRef = 1451A4A321DF14FB00012930 /* AppDelegate.m */; };
		1451A4AA21DF14FB00012930 /* Main.storyboard in Resources */ = {isa = PBXBuildFile; fileRef = 1451A4A821DF14FB00012930 /* Main.storyboard */; };
		1451A4AF21DF14FD00012930 /* LaunchScreen.storyboard in Resources */ = {isa = PBXBuildFile; fileRef = 1451A4AD21DF14FD00012930 /* LaunchScreen.storyboard */; };
		1451A4B221DF14FD00012930 /* main.m in Sources */ = {isa = PBXBuildFile; fileRef = 1451A4B121DF14FD00012930 /* main.m */; };
		1451A4BC21DF14FD00012930 /* EasyM_iOSTests.m in Sources */ = {isa = PBXBuildFile; fileRef = 1451A4BB21DF14FD00012930 /* EasyM_iOSTests.m */; };
		145634BF222293FB00E3ECAD /* EMMeViewController.m in Sources */ = {isa = PBXBuildFile; fileRef = 145634BE222293FB00E3ECAD /* EMMeViewController.m */; };
		145634C22222946800E3ECAD /* EMMeHeaderView.m in Sources */ = {isa = PBXBuildFile; fileRef = 145634C12222946800E3ECAD /* EMMeHeaderView.m */; };
		14B94AC522214C0A008E0FF8 /* Assets.xcassets in Resources */ = {isa = PBXBuildFile; fileRef = 14B94AC422214C09008E0FF8 /* Assets.xcassets */; };
		14B94AC82221795C008E0FF8 /* EMDiscoveryViewController.m in Sources */ = {isa = PBXBuildFile; fileRef = 14B94AC72221795C008E0FF8 /* EMDiscoveryViewController.m */; };
		14B94ACB22217A04008E0FF8 /* EMDiscoveryCollectionView.m in Sources */ = {isa = PBXBuildFile; fileRef = 14B94ACA22217A04008E0FF8 /* EMDiscoveryCollectionView.m */; };
		14B94ACE22218111008E0FF8 /* EMDiscoveryCollectionViewCell.m in Sources */ = {isa = PBXBuildFile; fileRef = 14B94ACD22218111008E0FF8 /* EMDiscoveryCollectionViewCell.m */; };
		14B94AD122219116008E0FF8 /* EMDiscoveryUpdatingsTableViewCell.m in Sources */ = {isa = PBXBuildFile; fileRef = 14B94AD022219116008E0FF8 /* EMDiscoveryUpdatingsTableViewCell.m */; };
		14BC6DE9221EC931006D5326 /* EMLoginViewController.m in Sources */ = {isa = PBXBuildFile; fileRef = 14BC6DE8221EC931006D5326 /* EMLoginViewController.m */; };
		14BC6DF0221EDB95006D5326 /* EMTabBarController.m in Sources */ = {isa = PBXBuildFile; fileRef = 14BC6DEF221EDB95006D5326 /* EMTabBarController.m */; };
		14BC6DF3221EDC4F006D5326 /* EMNavigationController.m in Sources */ = {isa = PBXBuildFile; fileRef = 14BC6DF2221EDC4F006D5326 /* EMNavigationController.m */; };
		14BC6DFF221EDD46006D5326 /* EMHomeViewController.m in Sources */ = {isa = PBXBuildFile; fileRef = 14BC6DFE221EDD46006D5326 /* EMHomeViewController.m */; };
		14BC6E04222024C8006D5326 /* EMHomeMemoCollectionView.m in Sources */ = {isa = PBXBuildFile; fileRef = 14BC6E03222024C8006D5326 /* EMHomeMemoCollectionView.m */; };
		14BC6E0722203EF9006D5326 /* EMHomeMemoCollectionViewCell.m in Sources */ = {isa = PBXBuildFile; fileRef = 14BC6E0622203EF9006D5326 /* EMHomeMemoCollectionViewCell.m */; };
		14ED138722242A72007E3EFD /* EMMemoPointListViewController.m in Sources */ = {isa = PBXBuildFile; fileRef = 14ED138622242A72007E3EFD /* EMMemoPointListViewController.m */; };
		5880BD6C956FB0588AE8C962 /* libPods-EasyM-iOS.a in Frameworks */ = {isa = PBXBuildFile; fileRef = 25CD304765EB7AC50A04BC02 /* libPods-EasyM-iOS.a */; };
/* End PBXBuildFile section */

/* Begin PBXContainerItemProxy section */
		1451A4B821DF14FD00012930 /* PBXContainerItemProxy */ = {
			isa = PBXContainerItemProxy;
			containerPortal = 1451A49721DF14FA00012930 /* Project object */;
			proxyType = 1;
			remoteGlobalIDString = 1451A49E21DF14FA00012930;
			remoteInfo = "EasyM-iOS";
		};
/* End PBXContainerItemProxy section */

/* Begin PBXFileReference section */
		1451A49F21DF14FA00012930 /* EasyM-iOS.app */ = {isa = PBXFileReference; explicitFileType = wrapper.application; includeInIndex = 0; path = "EasyM-iOS.app"; sourceTree = BUILT_PRODUCTS_DIR; };
		1451A4A221DF14FB00012930 /* AppDelegate.h */ = {isa = PBXFileReference; lastKnownFileType = sourcecode.c.h; path = AppDelegate.h; sourceTree = "<group>"; };
		1451A4A321DF14FB00012930 /* AppDelegate.m */ = {isa = PBXFileReference; lastKnownFileType = sourcecode.c.objc; path = AppDelegate.m; sourceTree = "<group>"; };
		1451A4A921DF14FB00012930 /* Base */ = {isa = PBXFileReference; lastKnownFileType = file.storyboard; name = Base; path = Base.lproj/Main.storyboard; sourceTree = "<group>"; };
		1451A4AE21DF14FD00012930 /* Base */ = {isa = PBXFileReference; lastKnownFileType = file.storyboard; name = Base; path = Base.lproj/LaunchScreen.storyboard; sourceTree = "<group>"; };
		1451A4B021DF14FD00012930 /* Info.plist */ = {isa = PBXFileReference; lastKnownFileType = text.plist.xml; path = Info.plist; sourceTree = "<group>"; };
		1451A4B121DF14FD00012930 /* main.m */ = {isa = PBXFileReference; lastKnownFileType = sourcecode.c.objc; path = main.m; sourceTree = "<group>"; };
		1451A4B721DF14FD00012930 /* EasyM-iOSTests.xctest */ = {isa = PBXFileReference; explicitFileType = wrapper.cfbundle; includeInIndex = 0; path = "EasyM-iOSTests.xctest"; sourceTree = BUILT_PRODUCTS_DIR; };
		1451A4BB21DF14FD00012930 /* EasyM_iOSTests.m */ = {isa = PBXFileReference; lastKnownFileType = sourcecode.c.objc; path = EasyM_iOSTests.m; sourceTree = "<group>"; };
		1451A4BD21DF14FD00012930 /* Info.plist */ = {isa = PBXFileReference; lastKnownFileType = text.plist.xml; path = Info.plist; sourceTree = "<group>"; };
		145634BD222293FB00E3ECAD /* EMMeViewController.h */ = {isa = PBXFileReference; lastKnownFileType = sourcecode.c.h; path = EMMeViewController.h; sourceTree = "<group>"; };
		145634BE222293FB00E3ECAD /* EMMeViewController.m */ = {isa = PBXFileReference; lastKnownFileType = sourcecode.c.objc; path = EMMeViewController.m; sourceTree = "<group>"; };
		145634C02222946800E3ECAD /* EMMeHeaderView.h */ = {isa = PBXFileReference; lastKnownFileType = sourcecode.c.h; path = EMMeHeaderView.h; sourceTree = "<group>"; };
		145634C12222946800E3ECAD /* EMMeHeaderView.m */ = {isa = PBXFileReference; lastKnownFileType = sourcecode.c.objc; path = EMMeHeaderView.m; sourceTree = "<group>"; };
		14B94AC422214C09008E0FF8 /* Assets.xcassets */ = {isa = PBXFileReference; lastKnownFileType = folder.assetcatalog; path = Assets.xcassets; sourceTree = "<group>"; };
		14B94AC62221795C008E0FF8 /* EMDiscoveryViewController.h */ = {isa = PBXFileReference; lastKnownFileType = sourcecode.c.h; path = EMDiscoveryViewController.h; sourceTree = "<group>"; };
		14B94AC72221795C008E0FF8 /* EMDiscoveryViewController.m */ = {isa = PBXFileReference; lastKnownFileType = sourcecode.c.objc; path = EMDiscoveryViewController.m; sourceTree = "<group>"; };
		14B94AC922217A04008E0FF8 /* EMDiscoveryCollectionView.h */ = {isa = PBXFileReference; lastKnownFileType = sourcecode.c.h; path = EMDiscoveryCollectionView.h; sourceTree = "<group>"; };
		14B94ACA22217A04008E0FF8 /* EMDiscoveryCollectionView.m */ = {isa = PBXFileReference; lastKnownFileType = sourcecode.c.objc; path = EMDiscoveryCollectionView.m; sourceTree = "<group>"; };
		14B94ACC22218110008E0FF8 /* EMDiscoveryCollectionViewCell.h */ = {isa = PBXFileReference; lastKnownFileType = sourcecode.c.h; path = EMDiscoveryCollectionViewCell.h; sourceTree = "<group>"; };
		14B94ACD22218111008E0FF8 /* EMDiscoveryCollectionViewCell.m */ = {isa = PBXFileReference; lastKnownFileType = sourcecode.c.objc; path = EMDiscoveryCollectionViewCell.m; sourceTree = "<group>"; };
		14B94ACF22219116008E0FF8 /* EMDiscoveryUpdatingsTableViewCell.h */ = {isa = PBXFileReference; lastKnownFileType = sourcecode.c.h; path = EMDiscoveryUpdatingsTableViewCell.h; sourceTree = "<group>"; };
		14B94AD022219116008E0FF8 /* EMDiscoveryUpdatingsTableViewCell.m */ = {isa = PBXFileReference; lastKnownFileType = sourcecode.c.objc; path = EMDiscoveryUpdatingsTableViewCell.m; sourceTree = "<group>"; };
		14BC6DE7221EC931006D5326 /* EMLoginViewController.h */ = {isa = PBXFileReference; lastKnownFileType = sourcecode.c.h; path = EMLoginViewController.h; sourceTree = "<group>"; };
		14BC6DE8221EC931006D5326 /* EMLoginViewController.m */ = {isa = PBXFileReference; lastKnownFileType = sourcecode.c.objc; path = EMLoginViewController.m; sourceTree = "<group>"; };
		14BC6DEA221EC9E4006D5326 /* EMPrefixHeader.pch */ = {isa = PBXFileReference; lastKnownFileType = sourcecode.c.h; path = EMPrefixHeader.pch; sourceTree = "<group>"; };
		14BC6DEE221EDB95006D5326 /* EMTabBarController.h */ = {isa = PBXFileReference; lastKnownFileType = sourcecode.c.h; path = EMTabBarController.h; sourceTree = "<group>"; };
		14BC6DEF221EDB95006D5326 /* EMTabBarController.m */ = {isa = PBXFileReference; lastKnownFileType = sourcecode.c.objc; path = EMTabBarController.m; sourceTree = "<group>"; };
		14BC6DF1221EDC4F006D5326 /* EMNavigationController.h */ = {isa = PBXFileReference; lastKnownFileType = sourcecode.c.h; path = EMNavigationController.h; sourceTree = "<group>"; };
		14BC6DF2221EDC4F006D5326 /* EMNavigationController.m */ = {isa = PBXFileReference; lastKnownFileType = sourcecode.c.objc; path = EMNavigationController.m; sourceTree = "<group>"; };
		14BC6DFD221EDD46006D5326 /* EMHomeViewController.h */ = {isa = PBXFileReference; lastKnownFileType = sourcecode.c.h; path = EMHomeViewController.h; sourceTree = "<group>"; };
		14BC6DFE221EDD46006D5326 /* EMHomeViewController.m */ = {isa = PBXFileReference; lastKnownFileType = sourcecode.c.objc; path = EMHomeViewController.m; sourceTree = "<group>"; };
		14BC6E02222024C8006D5326 /* EMHomeMemoCollectionView.h */ = {isa = PBXFileReference; lastKnownFileType = sourcecode.c.h; path = EMHomeMemoCollectionView.h; sourceTree = "<group>"; };
		14BC6E03222024C8006D5326 /* EMHomeMemoCollectionView.m */ = {isa = PBXFileReference; lastKnownFileType = sourcecode.c.objc; path = EMHomeMemoCollectionView.m; sourceTree = "<group>"; };
		14BC6E0522203EF9006D5326 /* EMHomeMemoCollectionViewCell.h */ = {isa = PBXFileReference; lastKnownFileType = sourcecode.c.h; path = EMHomeMemoCollectionViewCell.h; sourceTree = "<group>"; };
		14BC6E0622203EF9006D5326 /* EMHomeMemoCollectionViewCell.m */ = {isa = PBXFileReference; lastKnownFileType = sourcecode.c.objc; path = EMHomeMemoCollectionViewCell.m; sourceTree = "<group>"; };
		14ED138522242A72007E3EFD /* EMMemoPointListViewController.h */ = {isa = PBXFileReference; lastKnownFileType = sourcecode.c.h; path = EMMemoPointListViewController.h; sourceTree = "<group>"; };
		14ED138622242A72007E3EFD /* EMMemoPointListViewController.m */ = {isa = PBXFileReference; lastKnownFileType = sourcecode.c.objc; path = EMMemoPointListViewController.m; sourceTree = "<group>"; };
		1FD6525BF5D19A7A40E4D5C6 /* Pods-EasyM-iOS.release.xcconfig */ = {isa = PBXFileReference; includeInIndex = 1; lastKnownFileType = text.xcconfig; name = "Pods-EasyM-iOS.release.xcconfig"; path = "Pods/Target Support Files/Pods-EasyM-iOS/Pods-EasyM-iOS.release.xcconfig"; sourceTree = "<group>"; };
		25CD304765EB7AC50A04BC02 /* libPods-EasyM-iOS.a */ = {isa = PBXFileReference; explicitFileType = archive.ar; includeInIndex = 0; path = "libPods-EasyM-iOS.a"; sourceTree = BUILT_PRODUCTS_DIR; };
		D6B7107570AE021FE957E312 /* Pods-EasyM-iOS.debug.xcconfig */ = {isa = PBXFileReference; includeInIndex = 1; lastKnownFileType = text.xcconfig; name = "Pods-EasyM-iOS.debug.xcconfig"; path = "Pods/Target Support Files/Pods-EasyM-iOS/Pods-EasyM-iOS.debug.xcconfig"; sourceTree = "<group>"; };
/* End PBXFileReference section */

/* Begin PBXFrameworksBuildPhase section */
		1451A49C21DF14FA00012930 /* Frameworks */ = {
			isa = PBXFrameworksBuildPhase;
			buildActionMask = 2147483647;
			files = (
				5880BD6C956FB0588AE8C962 /* libPods-EasyM-iOS.a in Frameworks */,
			);
			runOnlyForDeploymentPostprocessing = 0;
		};
		1451A4B421DF14FD00012930 /* Frameworks */ = {
			isa = PBXFrameworksBuildPhase;
			buildActionMask = 2147483647;
			files = (
			);
			runOnlyForDeploymentPostprocessing = 0;
		};
/* End PBXFrameworksBuildPhase section */

/* Begin PBXGroup section */
		056F4716EA32E6738E223415 /* Pods */ = {
			isa = PBXGroup;
			children = (
				D6B7107570AE021FE957E312 /* Pods-EasyM-iOS.debug.xcconfig */,
				1FD6525BF5D19A7A40E4D5C6 /* Pods-EasyM-iOS.release.xcconfig */,
			);
			name = Pods;
			sourceTree = "<group>";
		};
		1451A49621DF14FA00012930 = {
			isa = PBXGroup;
			children = (
				1451A4A121DF14FA00012930 /* EasyM-iOS */,
				1451A4BA21DF14FD00012930 /* EasyM-iOSTests */,
				1451A4A021DF14FA00012930 /* Products */,
				056F4716EA32E6738E223415 /* Pods */,
				E6AC1A39C7D99B1A7EDE1160 /* Frameworks */,
			);
			sourceTree = "<group>";
		};
		1451A4A021DF14FA00012930 /* Products */ = {
			isa = PBXGroup;
			children = (
				1451A49F21DF14FA00012930 /* EasyM-iOS.app */,
				1451A4B721DF14FD00012930 /* EasyM-iOSTests.xctest */,
			);
			name = Products;
			sourceTree = "<group>";
		};
		1451A4A121DF14FA00012930 /* EasyM-iOS */ = {
			isa = PBXGroup;
			children = (
				1451A4A221DF14FB00012930 /* AppDelegate.h */,
				1451A4A321DF14FB00012930 /* AppDelegate.m */,
				14BC6E0122201B91006D5326 /* Main */,
				14BC6DE3221EC89B006D5326 /* Login */,
				14BC6DE4221EC89B006D5326 /* Home */,
				14BC6DE2221EC89B006D5326 /* Discovery */,
				14BC6DE5221EC89B006D5326 /* Me */,
				14BC6DE6221EC8C8006D5326 /* Base */,
				14BC6E0022201B91006D5326 /* Supporting Files */,
			);
			path = "EasyM-iOS";
			sourceTree = "<group>";
		};
		1451A4BA21DF14FD00012930 /* EasyM-iOSTests */ = {
			isa = PBXGroup;
			children = (
				1451A4BB21DF14FD00012930 /* EasyM_iOSTests.m */,
				1451A4BD21DF14FD00012930 /* Info.plist */,
			);
			path = "EasyM-iOSTests";
			sourceTree = "<group>";
		};
		14BC6DE2221EC89B006D5326 /* Discovery */ = {
			isa = PBXGroup;
			children = (
				14BC6DFC221EDD26006D5326 /* Controller */,
				14BC6DFB221EDD26006D5326 /* Model */,
				14BC6DFA221EDD26006D5326 /* View */,
			);
			path = Discovery;
			sourceTree = "<group>";
		};
		14BC6DE3221EC89B006D5326 /* Login */ = {
			isa = PBXGroup;
			children = (
				14BC6DE7221EC931006D5326 /* EMLoginViewController.h */,
				14BC6DE8221EC931006D5326 /* EMLoginViewController.m */,
			);
			path = Login;
			sourceTree = "<group>";
		};
		14BC6DE4221EC89B006D5326 /* Home */ = {
			isa = PBXGroup;
			children = (
				14BC6DF4221EDD07006D5326 /* Controller */,
				14BC6DF5221EDD07006D5326 /* Model */,
				14BC6DF6221EDD07006D5326 /* View */,
			);
			path = Home;
			sourceTree = "<group>";
		};
		14BC6DE5221EC89B006D5326 /* Me */ = {
			isa = PBXGroup;
			children = (
				14BC6DF9221EDD19006D5326 /* Controller */,
				14BC6DF8221EDD19006D5326 /* Model */,
				14BC6DF7221EDD19006D5326 /* View */,
			);
			path = Me;
			sourceTree = "<group>";
		};
		14BC6DE6221EC8C8006D5326 /* Base */ = {
			isa = PBXGroup;
			children = (
			);
			name = Base;
			path = "EasyM-iOS/Base";
			sourceTree = SOURCE_ROOT;
		};
		14BC6DF4221EDD07006D5326 /* Controller */ = {
			isa = PBXGroup;
			children = (
				14BC6DFD221EDD46006D5326 /* EMHomeViewController.h */,
				14BC6DFE221EDD46006D5326 /* EMHomeViewController.m */,
				14ED138522242A72007E3EFD /* EMMemoPointListViewController.h */,
				14ED138622242A72007E3EFD /* EMMemoPointListViewController.m */,
			);
			path = Controller;
			sourceTree = "<group>";
		};
		14BC6DF5221EDD07006D5326 /* Model */ = {
			isa = PBXGroup;
			children = (
			);
			path = Model;
			sourceTree = "<group>";
		};
		14BC6DF6221EDD07006D5326 /* View */ = {
			isa = PBXGroup;
			children = (
				14BC6E02222024C8006D5326 /* EMHomeMemoCollectionView.h */,
				14BC6E03222024C8006D5326 /* EMHomeMemoCollectionView.m */,
				14BC6E0522203EF9006D5326 /* EMHomeMemoCollectionViewCell.h */,
				14BC6E0622203EF9006D5326 /* EMHomeMemoCollectionViewCell.m */,
			);
			path = View;
			sourceTree = "<group>";
		};
		14BC6DF7221EDD19006D5326 /* View */ = {
			isa = PBXGroup;
			children = (
				145634C02222946800E3ECAD /* EMMeHeaderView.h */,
				145634C12222946800E3ECAD /* EMMeHeaderView.m */,
			);
			path = View;
			sourceTree = "<group>";
		};
		14BC6DF8221EDD19006D5326 /* Model */ = {
			isa = PBXGroup;
			children = (
			);
			path = Model;
			sourceTree = "<group>";
		};
		14BC6DF9221EDD19006D5326 /* Controller */ = {
			isa = PBXGroup;
			children = (
				145634BD222293FB00E3ECAD /* EMMeViewController.h */,
				145634BE222293FB00E3ECAD /* EMMeViewController.m */,
			);
			path = Controller;
			sourceTree = "<group>";
		};
		14BC6DFA221EDD26006D5326 /* View */ = {
			isa = PBXGroup;
			children = (
				14B94AC922217A04008E0FF8 /* EMDiscoveryCollectionView.h */,
				14B94ACA22217A04008E0FF8 /* EMDiscoveryCollectionView.m */,
				14B94ACC22218110008E0FF8 /* EMDiscoveryCollectionViewCell.h */,
				14B94ACD22218111008E0FF8 /* EMDiscoveryCollectionViewCell.m */,
				14B94ACF22219116008E0FF8 /* EMDiscoveryUpdatingsTableViewCell.h */,
				14B94AD022219116008E0FF8 /* EMDiscoveryUpdatingsTableViewCell.m */,
			);
			path = View;
			sourceTree = "<group>";
		};
		14BC6DFB221EDD26006D5326 /* Model */ = {
			isa = PBXGroup;
			children = (
			);
			path = Model;
			sourceTree = "<group>";
		};
		14BC6DFC221EDD26006D5326 /* Controller */ = {
			isa = PBXGroup;
			children = (
				14B94AC62221795C008E0FF8 /* EMDiscoveryViewController.h */,
				14B94AC72221795C008E0FF8 /* EMDiscoveryViewController.m */,
			);
			path = Controller;
			sourceTree = "<group>";
		};
		14BC6E0022201B91006D5326 /* Supporting Files */ = {
			isa = PBXGroup;
			children = (
				14BC6DEA221EC9E4006D5326 /* EMPrefixHeader.pch */,
				1451A4A821DF14FB00012930 /* Main.storyboard */,
				1451A4B121DF14FD00012930 /* main.m */,
				1451A4AD21DF14FD00012930 /* LaunchScreen.storyboard */,
				14B94AC422214C09008E0FF8 /* Assets.xcassets */,
				1451A4B021DF14FD00012930 /* Info.plist */,
			);
			path = "Supporting Files";
			sourceTree = "<group>";
		};
		14BC6E0122201B91006D5326 /* Main */ = {
			isa = PBXGroup;
			children = (
				14BC6DEE221EDB95006D5326 /* EMTabBarController.h */,
				14BC6DEF221EDB95006D5326 /* EMTabBarController.m */,
				14BC6DF1221EDC4F006D5326 /* EMNavigationController.h */,
				14BC6DF2221EDC4F006D5326 /* EMNavigationController.m */,
			);
			path = Main;
			sourceTree = "<group>";
		};
		E6AC1A39C7D99B1A7EDE1160 /* Frameworks */ = {
			isa = PBXGroup;
			children = (
				25CD304765EB7AC50A04BC02 /* libPods-EasyM-iOS.a */,
			);
			name = Frameworks;
			sourceTree = "<group>";
		};
/* End PBXGroup section */

/* Begin PBXNativeTarget section */
		1451A49E21DF14FA00012930 /* EasyM-iOS */ = {
			isa = PBXNativeTarget;
			buildConfigurationList = 1451A4C021DF14FD00012930 /* Build configuration list for PBXNativeTarget "EasyM-iOS" */;
			buildPhases = (
				9C821C6F074E9603E5EBB018 /* [CP] Check Pods Manifest.lock */,
				1451A49B21DF14FA00012930 /* Sources */,
				1451A49C21DF14FA00012930 /* Frameworks */,
				1451A49D21DF14FA00012930 /* Resources */,
				524E48098F591C8B655E1F07 /* [CP] Copy Pods Resources */,
			);
			buildRules = (
			);
			dependencies = (
			);
			name = "EasyM-iOS";
			productName = "EasyM-iOS";
			productReference = 1451A49F21DF14FA00012930 /* EasyM-iOS.app */;
			productType = "com.apple.product-type.application";
		};
		1451A4B621DF14FD00012930 /* EasyM-iOSTests */ = {
			isa = PBXNativeTarget;
			buildConfigurationList = 1451A4C321DF14FD00012930 /* Build configuration list for PBXNativeTarget "EasyM-iOSTests" */;
			buildPhases = (
				1451A4B321DF14FD00012930 /* Sources */,
				1451A4B421DF14FD00012930 /* Frameworks */,
				1451A4B521DF14FD00012930 /* Resources */,
			);
			buildRules = (
			);
			dependencies = (
				1451A4B921DF14FD00012930 /* PBXTargetDependency */,
			);
			name = "EasyM-iOSTests";
			productName = "EasyM-iOSTests";
			productReference = 1451A4B721DF14FD00012930 /* EasyM-iOSTests.xctest */;
			productType = "com.apple.product-type.bundle.unit-test";
		};
/* End PBXNativeTarget section */

/* Begin PBXProject section */
		1451A49721DF14FA00012930 /* Project object */ = {
			isa = PBXProject;
			attributes = {
				CLASSPREFIX = EM;
				LastUpgradeCheck = 0940;
				ORGANIZATIONNAME = NilOrg;
				TargetAttributes = {
					1451A49E21DF14FA00012930 = {
						CreatedOnToolsVersion = 9.4.1;
					};
					1451A4B621DF14FD00012930 = {
						CreatedOnToolsVersion = 9.4.1;
						TestTargetID = 1451A49E21DF14FA00012930;
					};
				};
			};
			buildConfigurationList = 1451A49A21DF14FA00012930 /* Build configuration list for PBXProject "EasyM-iOS" */;
			compatibilityVersion = "Xcode 9.3";
			developmentRegion = en;
			hasScannedForEncodings = 0;
			knownRegions = (
				en,
				Base,
			);
			mainGroup = 1451A49621DF14FA00012930;
			productRefGroup = 1451A4A021DF14FA00012930 /* Products */;
			projectDirPath = "";
			projectRoot = "";
			targets = (
				1451A49E21DF14FA00012930 /* EasyM-iOS */,
				1451A4B621DF14FD00012930 /* EasyM-iOSTests */,
			);
		};
/* End PBXProject section */

/* Begin PBXResourcesBuildPhase section */
		1451A49D21DF14FA00012930 /* Resources */ = {
			isa = PBXResourcesBuildPhase;
			buildActionMask = 2147483647;
			files = (
				1451A4AF21DF14FD00012930 /* LaunchScreen.storyboard in Resources */,
				14B94AC522214C0A008E0FF8 /* Assets.xcassets in Resources */,
				1451A4AA21DF14FB00012930 /* Main.storyboard in Resources */,
			);
			runOnlyForDeploymentPostprocessing = 0;
		};
		1451A4B521DF14FD00012930 /* Resources */ = {
			isa = PBXResourcesBuildPhase;
			buildActionMask = 2147483647;
			files = (
			);
			runOnlyForDeploymentPostprocessing = 0;
		};
/* End PBXResourcesBuildPhase section */

/* Begin PBXShellScriptBuildPhase section */
		524E48098F591C8B655E1F07 /* [CP] Copy Pods Resources */ = {
			isa = PBXShellScriptBuildPhase;
			buildActionMask = 2147483647;
			files = (
			);
			inputPaths = (
				"${SRCROOT}/Pods/Target Support Files/Pods-EasyM-iOS/Pods-EasyM-iOS-resources.sh",
				"${PODS_ROOT}/MJRefresh/MJRefresh/MJRefresh.bundle",
			);
			name = "[CP] Copy Pods Resources";
			outputPaths = (
				"${TARGET_BUILD_DIR}/${UNLOCALIZED_RESOURCES_FOLDER_PATH}/MJRefresh.bundle",
			);
			runOnlyForDeploymentPostprocessing = 0;
			shellPath = /bin/sh;
			shellScript = "\"${SRCROOT}/Pods/Target Support Files/Pods-EasyM-iOS/Pods-EasyM-iOS-resources.sh\"\n";
			showEnvVarsInLog = 0;
		};
		9C821C6F074E9603E5EBB018 /* [CP] Check Pods Manifest.lock */ = {
			isa = PBXShellScriptBuildPhase;
			buildActionMask = 2147483647;
			files = (
			);
			inputPaths = (
				"${PODS_PODFILE_DIR_PATH}/Podfile.lock",
				"${PODS_ROOT}/Manifest.lock",
			);
			name = "[CP] Check Pods Manifest.lock";
			outputPaths = (
				"$(DERIVED_FILE_DIR)/Pods-EasyM-iOS-checkManifestLockResult.txt",
			);
			runOnlyForDeploymentPostprocessing = 0;
			shellPath = /bin/sh;
			shellScript = "diff \"${PODS_PODFILE_DIR_PATH}/Podfile.lock\" \"${PODS_ROOT}/Manifest.lock\" > /dev/null\nif [ $? != 0 ] ; then\n    # print error to STDERR\n    echo \"error: The sandbox is not in sync with the Podfile.lock. Run 'pod install' or update your CocoaPods installation.\" >&2\n    exit 1\nfi\n# This output is used by Xcode 'outputs' to avoid re-running this script phase.\necho \"SUCCESS\" > \"${SCRIPT_OUTPUT_FILE_0}\"\n";
			showEnvVarsInLog = 0;
		};
/* End PBXShellScriptBuildPhase section */

/* Begin PBXSourcesBuildPhase section */
		1451A49B21DF14FA00012930 /* Sources */ = {
			isa = PBXSourcesBuildPhase;
			buildActionMask = 2147483647;
			files = (
				14BC6DE9221EC931006D5326 /* EMLoginViewController.m in Sources */,
				14ED138722242A72007E3EFD /* EMMemoPointListViewController.m in Sources */,
				14B94ACE22218111008E0FF8 /* EMDiscoveryCollectionViewCell.m in Sources */,
				14B94AD122219116008E0FF8 /* EMDiscoveryUpdatingsTableViewCell.m in Sources */,
				14BC6E0722203EF9006D5326 /* EMHomeMemoCollectionViewCell.m in Sources */,
				14BC6DF3221EDC4F006D5326 /* EMNavigationController.m in Sources */,
				1451A4B221DF14FD00012930 /* main.m in Sources */,
				1451A4A421DF14FB00012930 /* AppDelegate.m in Sources */,
				14BC6DFF221EDD46006D5326 /* EMHomeViewController.m in Sources */,
				145634BF222293FB00E3ECAD /* EMMeViewController.m in Sources */,
				145634C22222946800E3ECAD /* EMMeHeaderView.m in Sources */,
				14B94AC82221795C008E0FF8 /* EMDiscoveryViewController.m in Sources */,
				14B94ACB22217A04008E0FF8 /* EMDiscoveryCollectionView.m in Sources */,
				14BC6E04222024C8006D5326 /* EMHomeMemoCollectionView.m in Sources */,
				14BC6DF0221EDB95006D5326 /* EMTabBarController.m in Sources */,
			);
			runOnlyForDeploymentPostprocessing = 0;
		};
		1451A4B321DF14FD00012930 /* Sources */ = {
			isa = PBXSourcesBuildPhase;
			buildActionMask = 2147483647;
			files = (
				1451A4BC21DF14FD00012930 /* EasyM_iOSTests.m in Sources */,
			);
			runOnlyForDeploymentPostprocessing = 0;
		};
/* End PBXSourcesBuildPhase section */

/* Begin PBXTargetDependency section */
		1451A4B921DF14FD00012930 /* PBXTargetDependency */ = {
			isa = PBXTargetDependency;
			target = 1451A49E21DF14FA00012930 /* EasyM-iOS */;
			targetProxy = 1451A4B821DF14FD00012930 /* PBXContainerItemProxy */;
		};
/* End PBXTargetDependency section */

/* Begin PBXVariantGroup section */
		1451A4A821DF14FB00012930 /* Main.storyboard */ = {
			isa = PBXVariantGroup;
			children = (
				1451A4A921DF14FB00012930 /* Base */,
			);
			name = Main.storyboard;
			sourceTree = "<group>";
		};
		1451A4AD21DF14FD00012930 /* LaunchScreen.storyboard */ = {
			isa = PBXVariantGroup;
			children = (
				1451A4AE21DF14FD00012930 /* Base */,
			);
			name = LaunchScreen.storyboard;
			sourceTree = "<group>";
		};
/* End PBXVariantGroup section */

/* Begin XCBuildConfiguration section */
		1451A4BE21DF14FD00012930 /* Debug */ = {
			isa = XCBuildConfiguration;
			buildSettings = {
				ALWAYS_SEARCH_USER_PATHS = NO;
				CLANG_ANALYZER_NONNULL = YES;
				CLANG_ANALYZER_NUMBER_OBJECT_CONVERSION = YES_AGGRESSIVE;
				CLANG_CXX_LANGUAGE_STANDARD = "gnu++14";
				CLANG_CXX_LIBRARY = "libc++";
				CLANG_ENABLE_MODULES = YES;
				CLANG_ENABLE_OBJC_ARC = YES;
				CLANG_ENABLE_OBJC_WEAK = YES;
				CLANG_WARN_BLOCK_CAPTURE_AUTORELEASING = YES;
				CLANG_WARN_BOOL_CONVERSION = YES;
				CLANG_WARN_COMMA = YES;
				CLANG_WARN_CONSTANT_CONVERSION = YES;
				CLANG_WARN_DEPRECATED_OBJC_IMPLEMENTATIONS = YES;
				CLANG_WARN_DIRECT_OBJC_ISA_USAGE = YES_ERROR;
				CLANG_WARN_DOCUMENTATION_COMMENTS = YES;
				CLANG_WARN_EMPTY_BODY = YES;
				CLANG_WARN_ENUM_CONVERSION = YES;
				CLANG_WARN_INFINITE_RECURSION = YES;
				CLANG_WARN_INT_CONVERSION = YES;
				CLANG_WARN_NON_LITERAL_NULL_CONVERSION = YES;
				CLANG_WARN_OBJC_IMPLICIT_RETAIN_SELF = YES;
				CLANG_WARN_OBJC_LITERAL_CONVERSION = YES;
				CLANG_WARN_OBJC_ROOT_CLASS = YES_ERROR;
				CLANG_WARN_RANGE_LOOP_ANALYSIS = YES;
				CLANG_WARN_STRICT_PROTOTYPES = YES;
				CLANG_WARN_SUSPICIOUS_MOVE = YES;
				CLANG_WARN_UNGUARDED_AVAILABILITY = YES_AGGRESSIVE;
				CLANG_WARN_UNREACHABLE_CODE = YES;
				CLANG_WARN__DUPLICATE_METHOD_MATCH = YES;
				CODE_SIGN_IDENTITY = "iPhone Developer";
				COPY_PHASE_STRIP = NO;
				DEBUG_INFORMATION_FORMAT = dwarf;
				ENABLE_STRICT_OBJC_MSGSEND = YES;
				ENABLE_TESTABILITY = YES;
				GCC_C_LANGUAGE_STANDARD = gnu11;
				GCC_DYNAMIC_NO_PIC = NO;
				GCC_NO_COMMON_BLOCKS = YES;
				GCC_OPTIMIZATION_LEVEL = 0;
				GCC_PREPROCESSOR_DEFINITIONS = (
					"DEBUG=1",
					"$(inherited)",
				);
				GCC_WARN_64_TO_32_BIT_CONVERSION = YES;
				GCC_WARN_ABOUT_RETURN_TYPE = YES_ERROR;
				GCC_WARN_UNDECLARED_SELECTOR = YES;
				GCC_WARN_UNINITIALIZED_AUTOS = YES_AGGRESSIVE;
				GCC_WARN_UNUSED_FUNCTION = YES;
				GCC_WARN_UNUSED_VARIABLE = YES;
				IPHONEOS_DEPLOYMENT_TARGET = 11.4;
				MTL_ENABLE_DEBUG_INFO = YES;
				ONLY_ACTIVE_ARCH = YES;
				SDKROOT = iphoneos;
			};
			name = Debug;
		};
		1451A4BF21DF14FD00012930 /* Release */ = {
			isa = XCBuildConfiguration;
			buildSettings = {
				ALWAYS_SEARCH_USER_PATHS = NO;
				CLANG_ANALYZER_NONNULL = YES;
				CLANG_ANALYZER_NUMBER_OBJECT_CONVERSION = YES_AGGRESSIVE;
				CLANG_CXX_LANGUAGE_STANDARD = "gnu++14";
				CLANG_CXX_LIBRARY = "libc++";
				CLANG_ENABLE_MODULES = YES;
				CLANG_ENABLE_OBJC_ARC = YES;
				CLANG_ENABLE_OBJC_WEAK = YES;
				CLANG_WARN_BLOCK_CAPTURE_AUTORELEASING = YES;
				CLANG_WARN_BOOL_CONVERSION = YES;
				CLANG_WARN_COMMA = YES;
				CLANG_WARN_CONSTANT_CONVERSION = YES;
				CLANG_WARN_DEPRECATED_OBJC_IMPLEMENTATIONS = YES;
				CLANG_WARN_DIRECT_OBJC_ISA_USAGE = YES_ERROR;
				CLANG_WARN_DOCUMENTATION_COMMENTS = YES;
				CLANG_WARN_EMPTY_BODY = YES;
				CLANG_WARN_ENUM_CONVERSION = YES;
				CLANG_WARN_INFINITE_RECURSION = YES;
				CLANG_WARN_INT_CONVERSION = YES;
				CLANG_WARN_NON_LITERAL_NULL_CONVERSION = YES;
				CLANG_WARN_OBJC_IMPLICIT_RETAIN_SELF = YES;
				CLANG_WARN_OBJC_LITERAL_CONVERSION = YES;
				CLANG_WARN_OBJC_ROOT_CLASS = YES_ERROR;
				CLANG_WARN_RANGE_LOOP_ANALYSIS = YES;
				CLANG_WARN_STRICT_PROTOTYPES = YES;
				CLANG_WARN_SUSPICIOUS_MOVE = YES;
				CLANG_WARN_UNGUARDED_AVAILABILITY = YES_AGGRESSIVE;
				CLANG_WARN_UNREACHABLE_CODE = YES;
				CLANG_WARN__DUPLICATE_METHOD_MATCH = YES;
				CODE_SIGN_IDENTITY = "iPhone Developer";
				COPY_PHASE_STRIP = NO;
				DEBUG_INFORMATION_FORMAT = "dwarf-with-dsym";
				ENABLE_NS_ASSERTIONS = NO;
				ENABLE_STRICT_OBJC_MSGSEND = YES;
				GCC_C_LANGUAGE_STANDARD = gnu11;
				GCC_NO_COMMON_BLOCKS = YES;
				GCC_WARN_64_TO_32_BIT_CONVERSION = YES;
				GCC_WARN_ABOUT_RETURN_TYPE = YES_ERROR;
				GCC_WARN_UNDECLARED_SELECTOR = YES;
				GCC_WARN_UNINITIALIZED_AUTOS = YES_AGGRESSIVE;
				GCC_WARN_UNUSED_FUNCTION = YES;
				GCC_WARN_UNUSED_VARIABLE = YES;
				IPHONEOS_DEPLOYMENT_TARGET = 11.4;
				MTL_ENABLE_DEBUG_INFO = NO;
				SDKROOT = iphoneos;
				VALIDATE_PRODUCT = YES;
			};
			name = Release;
		};
		1451A4C121DF14FD00012930 /* Debug */ = {
			isa = XCBuildConfiguration;
			baseConfigurationReference = D6B7107570AE021FE957E312 /* Pods-EasyM-iOS.debug.xcconfig */;
			buildSettings = {
				ASSETCATALOG_COMPILER_APPICON_NAME = AppIcon;
				CODE_SIGN_STYLE = Automatic;
				DEVELOPMENT_TEAM = 8PZ5HQ624Y;
				GCC_PREFIX_HEADER = "$(SRCROOT)/EasyM-iOS/Supporting Files/EMPrefixHeader.pch";
				INFOPLIST_FILE = "EasyM-iOS/Supporting Files/Info.plist";
				LD_RUNPATH_SEARCH_PATHS = (
					"$(inherited)",
					"@executable_path/Frameworks",
				);
				PRODUCT_BUNDLE_IDENTIFIER = "SeanCST.EasyM-iOS";
				PRODUCT_NAME = "$(TARGET_NAME)";
				TARGETED_DEVICE_FAMILY = "1,2";
			};
			name = Debug;
		};
		1451A4C221DF14FD00012930 /* Release */ = {
			isa = XCBuildConfiguration;
			baseConfigurationReference = 1FD6525BF5D19A7A40E4D5C6 /* Pods-EasyM-iOS.release.xcconfig */;
			buildSettings = {
				ASSETCATALOG_COMPILER_APPICON_NAME = AppIcon;
				CODE_SIGN_STYLE = Automatic;
				DEVELOPMENT_TEAM = 8PZ5HQ624Y;
				GCC_PREFIX_HEADER = "$(SRCROOT)/EasyM-iOS/Supporting Files/EMPrefixHeader.pch";
				INFOPLIST_FILE = "EasyM-iOS/Supporting Files/Info.plist";
				LD_RUNPATH_SEARCH_PATHS = (
					"$(inherited)",
					"@executable_path/Frameworks",
				);
				PRODUCT_BUNDLE_IDENTIFIER = "SeanCST.EasyM-iOS";
				PRODUCT_NAME = "$(TARGET_NAME)";
				TARGETED_DEVICE_FAMILY = "1,2";
			};
			name = Release;
		};
		1451A4C421DF14FD00012930 /* Debug */ = {
			isa = XCBuildConfiguration;
			buildSettings = {
				BUNDLE_LOADER = "$(TEST_HOST)";
				CODE_SIGN_STYLE = Automatic;
				INFOPLIST_FILE = "EasyM-iOSTests/Info.plist";
				LD_RUNPATH_SEARCH_PATHS = (
					"$(inherited)",
					"@executable_path/Frameworks",
					"@loader_path/Frameworks",
				);
				PRODUCT_BUNDLE_IDENTIFIER = "SeanCST.EasyM-iOSTests";
				PRODUCT_NAME = "$(TARGET_NAME)";
				TARGETED_DEVICE_FAMILY = "1,2";
				TEST_HOST = "$(BUILT_PRODUCTS_DIR)/EasyM-iOS.app/EasyM-iOS";
			};
			name = Debug;
		};
		1451A4C521DF14FD00012930 /* Release */ = {
			isa = XCBuildConfiguration;
			buildSettings = {
				BUNDLE_LOADER = "$(TEST_HOST)";
				CODE_SIGN_STYLE = Automatic;
				INFOPLIST_FILE = "EasyM-iOSTests/Info.plist";
				LD_RUNPATH_SEARCH_PATHS = (
					"$(inherited)",
					"@executable_path/Frameworks",
					"@loader_path/Frameworks",
				);
				PRODUCT_BUNDLE_IDENTIFIER = "SeanCST.EasyM-iOSTests";
				PRODUCT_NAME = "$(TARGET_NAME)";
				TARGETED_DEVICE_FAMILY = "1,2";
				TEST_HOST = "$(BUILT_PRODUCTS_DIR)/EasyM-iOS.app/EasyM-iOS";
			};
			name = Release;
		};
/* End XCBuildConfiguration section */

/* Begin XCConfigurationList section */
		1451A49A21DF14FA00012930 /* Build configuration list for PBXProject "EasyM-iOS" */ = {
			isa = XCConfigurationList;
			buildConfigurations = (
				1451A4BE21DF14FD00012930 /* Debug */,
				1451A4BF21DF14FD00012930 /* Release */,
			);
			defaultConfigurationIsVisible = 0;
			defaultConfigurationName = Release;
		};
		1451A4C021DF14FD00012930 /* Build configuration list for PBXNativeTarget "EasyM-iOS" */ = {
			isa = XCConfigurationList;
			buildConfigurations = (
				1451A4C121DF14FD00012930 /* Debug */,
				1451A4C221DF14FD00012930 /* Release */,
			);
			defaultConfigurationIsVisible = 0;
			defaultConfigurationName = Release;
		};
		1451A4C321DF14FD00012930 /* Build configuration list for PBXNativeTarget "EasyM-iOSTests" */ = {
			isa = XCConfigurationList;
			buildConfigurations = (
				1451A4C421DF14FD00012930 /* Debug */,
				1451A4C521DF14FD00012930 /* Release */,
			);
			defaultConfigurationIsVisible = 0;
			defaultConfigurationName = Release;
		};
/* End XCConfigurationList section */
	};
	rootObject = 1451A49721DF14FA00012930 /* Project object */;
}
